
Microsoft Visual Studio Solution File, Format Version 12.00
# Visual Studio Version 16
VisualStudioVersion = 16.0.29403.142
MinimumVisualStudioVersion = 10.0.40219.1
Project("{FAE04EC0-301F-11D3-BF4B-00C04F79EFBC}") = "Road2Riches", "Road2Riches\Road2Riches.csproj", "{839DF403-0A7A-40B9-85DC-FC3B1FD873AA}"
EndProject
Global
	GlobalSection(SolutionConfigurationPlatforms) = preSolution
		Debug|Any CPU = Debug|Any CPU
		Release|Any CPU = Release|Any CPU
	EndGlobalSection
	GlobalSection(ProjectConfigurationPlatforms) = postSolution
		{839DF403-0A7A-40B9-85DC-FC3B1FD873AA}.Debug|Any CPU.ActiveCfg = Debug|Any CPU
		{839DF403-0A7A-40B9-85DC-FC3B1FD873AA}.Debug|Any CPU.Build.0 = Debug|Any CPU
		{839DF403-0A7A-40B9-85DC-FC3B1FD873AA}.Release|Any CPU.ActiveCfg = Release|Any CPU
		{839DF403-0A7A-40B9-85DC-FC3B1FD873AA}.Release|Any CPU.Build.0 = Release|Any CPU
	EndGlobalSection
	GlobalSection(SolutionProperties) = preSolution
		HideSolutionNode = FALSE
	EndGlobalSection
	GlobalSection(ExtensibilityGlobals) = postSolution
		SolutionGuid = {071FFC09-2707-45B5-A9FE-5A9F90DAD14C}
	EndGlobalSection
EndGlobal
